# @generated - this file is auto-generated by `mise lock` https://mise.jdx.dev/dev-tools/mise-lock.html

lockfile_version = 1

[[tools.ast-grep]]
version = "0.45.1"
backend = "aqua:ast-grep/ast-grep"
specifiers = ["0.45"]

[[tools."github:qltysh/qlty"]]
version = "0.642.0"
backend = "github:qltysh/qlty"
specifiers = ["0.642"]

[[tools.gitleaks]]
version = "8.30.1"
backend = "aqua:gitleaks/gitleaks"
specifiers = ["8.30"]

[[tools.go]]
version = "1.26.7"
backend = "core:go"
specifiers = ["1.26"]

[[tools."go:github.com/marlon-costa-dc/beads/cmd/bd"]]
version = "1.1.2"
backend = "go:github.com/marlon-costa-dc/beads/cmd/bd"
specifiers = ["latest"]

[[tools.helm]]
version = "3.19.4"
backend = "aqua:helm/helm"
specifiers = ["3.19"]

[[tools.kind]]
version = "0.31.0"
backend = "aqua:kubernetes-sigs/kind"
specifiers = ["0.31"]

[[tools.kubectl]]
version = "1.32.0"
backend = "aqua:kubernetes/kubernetes/kubectl"
specifiers = ["1.32"]

[[tools.python]]
version = "3.13.15"
backend = "core:python"
specifiers = ["3.13"]

[[tools.taplo]]
version = "0.10.0"
backend = "aqua:tamasfe/taplo"
specifiers = ["0.10"]

[[tools.tokei]]
version = "14.0.0"
backend = "cargo:tokei"
specifiers = ["14.0"]
